
Microsoft Visual Studio Solution File, Format Version 12.00
# Visual Studio Version 16
VisualStudioVersion = 16.0.29926.136
MinimumVisualStudioVersion = 10.0.40219.1
Project("{FAE04EC0-301F-11D3-BF4B-00C04F79EFBC}") = "Cytube Manifest Generator", "Cytube Manifest Generator\Cytube Manifest Generator.csproj", "{976E33FA-BA25-4FEA-A7BF-EC64FBABD575}"
EndProject
Global
	GlobalSection(SolutionConfigurationPlatforms) = preSolution
		Debug|Any CPU = Debug|Any CPU
		Release|Any CPU = Release|Any CPU
	EndGlobalSection
	GlobalSection(ProjectConfigurationPlatforms) = postSolution
		{976E33FA-BA25-4FEA-A7BF-EC64FBABD575}.Debug|Any CPU.ActiveCfg = Debug|Any CPU
		{976E33FA-BA25-4FEA-A7BF-EC64FBABD575}.Debug|Any CPU.Build.0 = Debug|Any CPU
		{976E33FA-BA25-4FEA-A7BF-EC64FBABD575}.Release|Any CPU.ActiveCfg = Release|Any CPU
		{976E33FA-BA25-4FEA-A7BF-EC64FBABD575}.Release|Any CPU.Build.0 = Release|Any CPU
	EndGlobalSection
	GlobalSection(SolutionProperties) = preSolution
		HideSolutionNode = FALSE
	EndGlobalSection
	GlobalSection(ExtensibilityGlobals) = postSolution
		SolutionGuid = {E9B7A1C6-0524-44F1-BE45-03DCB0CFC99F}
	EndGlobalSection
EndGlobal
