
Microsoft Visual Studio Solution File, Format Version 12.00
# Visual Studio Version 16
VisualStudioVersion = 16.0.29926.136
MinimumVisualStudioVersion = 10.0.40219.1
Project("{9A19103F-16F7-4668-BE54-9A1E7A4F7556}") = "Cytube Manifest Generator", "src\Cytube Manifest Generator.csproj", "{18C3A5EA-4C88-4784-B620-0B3F78D4CBBA}"
EndProject
Global
	GlobalSection(SolutionConfigurationPlatforms) = preSolution
		Debug|Any CPU = Debug|Any CPU
		Release|Any CPU = Release|Any CPU
	EndGlobalSection
	GlobalSection(ProjectConfigurationPlatforms) = postSolution
		{18C3A5EA-4C88-4784-B620-0B3F78D4CBBA}.Debug|Any CPU.ActiveCfg = Debug|Any CPU
		{18C3A5EA-4C88-4784-B620-0B3F78D4CBBA}.Debug|Any CPU.Build.0 = Debug|Any CPU
		{18C3A5EA-4C88-4784-B620-0B3F78D4CBBA}.Release|Any CPU.ActiveCfg = Release|Any CPU
		{18C3A5EA-4C88-4784-B620-0B3F78D4CBBA}.Release|Any CPU.Build.0 = Release|Any CPU
	EndGlobalSection
	GlobalSection(SolutionProperties) = preSolution
		HideSolutionNode = FALSE
	EndGlobalSection
	GlobalSection(ExtensibilityGlobals) = postSolution
		SolutionGuid = {E9B7A1C6-0524-44F1-BE45-03DCB0CFC99F}
	EndGlobalSection
EndGlobal
